// !$*UTF8*$!
{
	archiveVersion = 1;
	classes = {
	};
	objectVersion = 46;
	objects = {

/* Begin PBXBuildFile section */
		C4FB2FDD1CE5709500BA0ADD /* main.m in Sources */ = {isa = PBXBuildFile; fileRef = C4FB2FDC1CE5709500BA0ADD /* main.m */; };
		C4FB2FE01CE5709500BA0ADD /* AppDelegate.m in Sources */ = {isa = PBXBuildFile; fileRef = C4FB2FDF1CE5709500BA0ADD /* AppDelegate.m */; };
		C4FB2FE31CE5709500BA0ADD /* ViewController.m in Sources */ = {isa = PBXBuildFile; fileRef = C4FB2FE21CE5709500BA0ADD /* ViewController.m */; };
		C4FB2FE61CE5709500BA0ADD /* Main.storyboard in Resources */ = {isa = PBXBuildFile; fileRef = C4FB2FE41CE5709500BA0ADD /* Main.storyboard */; };
		C4FB2FE81CE5709500BA0ADD /* Assets.xcassets in Resources */ = {isa = PBXBuildFile; fileRef = C4FB2FE71CE5709500BA0ADD /* Assets.xcassets */; };
		C4FB2FEB1CE5709500BA0ADD /* LaunchScreen.storyboard in Resources */ = {isa = PBXBuildFile; fileRef = C4FB2FE91CE5709500BA0ADD /* LaunchScreen.storyboard */; };
		C4FB2FF61CE5709500BA0ADD /* RuntimeTestTests.m in Sources */ = {isa = PBXBuildFile; fileRef = C4FB2FF51CE5709500BA0ADD /* RuntimeTestTests.m */; };
		C4FB30011CE5709500BA0ADD /* RuntimeTestUITests.m in Sources */ = {isa = PBXBuildFile; fileRef = C4FB30001CE5709500BA0ADD /* RuntimeTestUITests.m */; };
/* End PBXBuildFile section */

/* Begin PBXContainerItemProxy section */
		C4FB2FF21CE5709500BA0ADD /* PBXContainerItemProxy */ = {
			isa = PBXContainerItemProxy;
			containerPortal = C4FB2FD01CE5709500BA0ADD /* Project object */;
			proxyType = 1;
			remoteGlobalIDString = C4FB2FD71CE5709500BA0ADD;
			remoteInfo = RuntimeTest;
		};
		C4FB2FFD1CE5709500BA0ADD /* PBXContainerItemProxy */ = {
			isa = PBXContainerItemProxy;
			containerPortal = C4FB2FD01CE5709500BA0ADD /* Project object */;
			proxyType = 1;
			remoteGlobalIDString = C4FB2FD71CE5709500BA0ADD;
			remoteInfo = RuntimeTest;
		};
/* End PBXContainerItemProxy section */

/* Begin PBXFileReference section */
		C4FB2FD81CE5709500BA0ADD /* RuntimeTest.app */ = {isa = PBXFileReference; explicitFileType = wrapper.application; includeInIndex = 0; path = RuntimeTest.app; sourceTree = BUILT_PRODUCTS_DIR; };
		C4FB2FDC1CE5709500BA0ADD /* main.m */ = {isa = PBXFileReference; lastKnownFileType = sourcecode.c.objc; path = main.m; sourceTree = "<group>"; };
		C4FB2FDE1CE5709500BA0ADD /* AppDelegate.h */ = {isa = PBXFileReference; lastKnownFileType = sourcecode.c.h; path = AppDelegate.h; sourceTree = "<group>"; };
		C4FB2FDF1CE5709500BA0ADD /* AppDelegate.m */ = {isa = PBXFileReference; lastKnownFileType = sourcecode.c.objc; path = AppDelegate.m; sourceTree = "<group>"; };
		C4FB2FE11CE5709500BA0ADD /* ViewController.h */ = {isa = PBXFileReference; lastKnownFileType = sourcecode.c.h; path = ViewController.h; sourceTree = "<group>"; };
		C4FB2FE21CE5709500BA0ADD /* ViewController.m */ = {isa = PBXFileReference; lastKnownFileType = sourcecode.c.objc; path = ViewController.m; sourceTree = "<group>"; };
		C4FB2FE51CE5709500BA0ADD /* Base */ = {isa = PBXFileReference; lastKnownFileType = file.storyboard; name = Base; path = Base.lproj/Main.storyboard; sourceTree = "<group>"; };
		C4FB2FE71CE5709500BA0ADD /* Assets.xcassets */ = {isa = PBXFileReference; lastKnownFileType = folder.assetcatalog; path = Assets.xcassets; sourceTree = "<group>"; };
		C4FB2FEA1CE5709500BA0ADD /* Base */ = {isa = PBXFileReference; lastKnownFileType = file.storyboard; name = Base; path = Base.lproj/LaunchScreen.storyboard; sourceTree = "<group>"; };
		C4FB2FEC1CE5709500BA0ADD /* Info.plist */ = {isa = PBXFileReference; lastKnownFileType = text.plist.xml; path = Info.plist; sourceTree = "<group>"; };
		C4FB2FF11CE5709500BA0ADD /* RuntimeTestTests.xctest */ = {isa = PBXFileReference; explicitFileType = wrapper.cfbundle; includeInIndex = 0; path = RuntimeTestTests.xctest; sourceTree = BUILT_PRODUCTS_DIR; };
		C4FB2FF51CE5709500BA0ADD /* RuntimeTestTests.m */ = {isa = PBXFileReference; lastKnownFileType = sourcecode.c.objc; path = RuntimeTestTests.m; sourceTree = "<group>"; };
		C4FB2FF71CE5709500BA0ADD /* Info.plist */ = {isa = PBXFileReference; lastKnownFileType = text.plist.xml; path = Info.plist; sourceTree = "<group>"; };
		C4FB2FFC1CE5709500BA0ADD /* RuntimeTestUITests.xctest */ = {isa = PBXFileReference; explicitFileType = wrapper.cfbundle; includeInIndex = 0; path = RuntimeTestUITests.xctest; sourceTree = BUILT_PRODUCTS_DIR; };
		C4FB30001CE5709500BA0ADD /* RuntimeTestUITests.m */ = {isa = PBXFileReference; lastKnownFileType = sourcecode.c.objc; path = RuntimeTestUITests.m; sourceTree = "<group>"; };
		C4FB30021CE5709500BA0ADD /* Info.plist */ = {isa = PBXFileReference; lastKnownFileType = text.plist.xml; path = Info.plist; sourceTree = "<group>"; };
/* End PBXFileReference section */

/* Begin PBXFrameworksBuildPhase section */
		C4FB2FD51CE5709500BA0ADD /* Frameworks */ = {
			isa = PBXFrameworksBuildPhase;
			buildActionMask = 2147483647;
			files = (
			);
			runOnlyForDeploymentPostprocessing = 0;
		};
		C4FB2FEE1CE5709500BA0ADD /* Frameworks */ = {
			isa = PBXFrameworksBuildPhase;
			buildActionMask = 2147483647;
			files = (
			);
			runOnlyForDeploymentPostprocessing = 0;
		};
		C4FB2FF91CE5709500BA0ADD /* Frameworks */ = {
			isa = PBXFrameworksBuildPhase;
			buildActionMask = 2147483647;
			files = (
			);
			runOnlyForDeploymentPostprocessing = 0;
		};
/* End PBXFrameworksBuildPhase section */

/* Begin PBXGroup section */
		C4FB2FCF1CE5709500BA0ADD = {
			isa = PBXGroup;
			children = (
				C4FB2FDA1CE5709500BA0ADD /* RuntimeTest */,
				C4FB2FF41CE5709500BA0ADD /* RuntimeTestTests */,
				C4FB2FFF1CE5709500BA0ADD /* RuntimeTestUITests */,
				C4FB2FD91CE5709500BA0ADD /* Products */,
			);
			sourceTree = "<group>";
		};
		C4FB2FD91CE5709500BA0ADD /* Products */ = {
			isa = PBXGroup;
			children = (
				C4FB2FD81CE5709500BA0ADD /* RuntimeTest.app */,
				C4FB2FF11CE5709500BA0ADD /* RuntimeTestTests.xctest */,
				C4FB2FFC1CE5709500BA0ADD /* RuntimeTestUITests.xctest */,
			);
			name = Products;
			sourceTree = "<group>";
		};
		C4FB2FDA1CE5709500BA0ADD /* RuntimeTest */ = {
			isa = PBXGroup;
			children = (
				C4FB2FDE1CE5709500BA0ADD /* AppDelegate.h */,
				C4FB2FDF1CE5709500BA0ADD /* AppDelegate.m */,
				C4FB2FE11CE5709500BA0ADD /* ViewController.h */,
				C4FB2FE21CE5709500BA0ADD /* ViewController.m */,
				C4FB2FE41CE5709500BA0ADD /* Main.storyboard */,
				C4FB2FE71CE5709500BA0ADD /* Assets.xcassets */,
				C4FB2FE91CE5709500BA0ADD /* LaunchScreen.storyboard */,
				C4FB2FEC1CE5709500BA0ADD /* Info.plist */,
				C4FB2FDB1CE5709500BA0ADD /* Supporting Files */,
			);
			path = RuntimeTest;
			sourceTree = "<group>";
		};
		C4FB2FDB1CE5709500BA0ADD /* Supporting Files */ = {
			isa = PBXGroup;
			children = (
				C4FB2FDC1CE5709500BA0ADD /* main.m */,
			);
			name = "Supporting Files";
			sourceTree = "<group>";
		};
		C4FB2FF41CE5709500BA0ADD /* RuntimeTestTests */ = {
			isa = PBXGroup;
			children = (
				C4FB2FF51CE5709500BA0ADD /* RuntimeTestTests.m */,
				C4FB2FF71CE5709500BA0ADD /* Info.plist */,
			);
			path = RuntimeTestTests;
			sourceTree = "<group>";
		};
		C4FB2FFF1CE5709500BA0ADD /* RuntimeTestUITests */ = {
			isa = PBXGroup;
			children = (
				C4FB30001CE5709500BA0ADD /* RuntimeTestUITests.m */,
				C4FB30021CE5709500BA0ADD /* Info.plist */,
			);
			path = RuntimeTestUITests;
			sourceTree = "<group>";
		};
/* End PBXGroup section */

/* Begin PBXNativeTarget section */
		C4FB2FD71CE5709500BA0ADD /* RuntimeTest */ = {
			isa = PBXNativeTarget;
			buildConfigurationList = C4FB30051CE5709500BA0ADD /* Build configuration list for PBXNativeTarget "RuntimeTest" */;
			buildPhases = (
				C4FB2FD41CE5709500BA0ADD /* Sources */,
				C4FB2FD51CE5709500BA0ADD /* Frameworks */,
				C4FB2FD61CE5709500BA0ADD /* Resources */,
			);
			buildRules = (
			);
			dependencies = (
			);
			name = RuntimeTest;
			productName = RuntimeTest;
			productReference = C4FB2FD81CE5709500BA0ADD /* RuntimeTest.app */;
			productType = "com.apple.product-type.application";
		};
		C4FB2FF01CE5709500BA0ADD /* RuntimeTestTests */ = {
			isa = PBXNativeTarget;
			buildConfigurationList = C4FB30081CE5709500BA0ADD /* Build configuration list for PBXNativeTarget "RuntimeTestTests" */;
			buildPhases = (
				C4FB2FED1CE5709500BA0ADD /* Sources */,
				C4FB2FEE1CE5709500BA0ADD /* Frameworks */,
				C4FB2FEF1CE5709500BA0ADD /* Resources */,
			);
			buildRules = (
			);
			dependencies = (
				C4FB2FF31CE5709500BA0ADD /* PBXTargetDependency */,
			);
			name = RuntimeTestTests;
			productName = RuntimeTestTests;
			productReference = C4FB2FF11CE5709500BA0ADD /* RuntimeTestTests.xctest */;
			productType = "com.apple.product-type.bundle.unit-test";
		};
		C4FB2FFB1CE5709500BA0ADD /* RuntimeTestUITests */ = {
			isa = PBXNativeTarget;
			buildConfigurationList = C4FB300B1CE5709500BA0ADD /* Build configuration list for PBXNativeTarget "RuntimeTestUITests" */;
			buildPhases = (
				C4FB2FF81CE5709500BA0ADD /* Sources */,
				C4FB2FF91CE5709500BA0ADD /* Frameworks */,
				C4FB2FFA1CE5709500BA0ADD /* Resources */,
			);
			buildRules = (
			);
			dependencies = (
				C4FB2FFE1CE5709500BA0ADD /* PBXTargetDependency */,
			);
			name = RuntimeTestUITests;
			productName = RuntimeTestUITests;
			productReference = C4FB2FFC1CE5709500BA0ADD /* RuntimeTestUITests.xctest */;
			productType = "com.apple.product-type.bundle.ui-testing";
		};
/* End PBXNativeTarget section */

/* Begin PBXProject section */
		C4FB2FD01CE5709500BA0ADD /* Project object */ = {
			isa = PBXProject;
			attributes = {
				LastUpgradeCheck = 0730;
				ORGANIZATIONNAME = "武志远";
				TargetAttributes = {
					C4FB2FD71CE5709500BA0ADD = {
						CreatedOnToolsVersion = 7.3;
					};
					C4FB2FF01CE5709500BA0ADD = {
						CreatedOnToolsVersion = 7.3;
						TestTargetID = C4FB2FD71CE5709500BA0ADD;
					};
					C4FB2FFB1CE5709500BA0ADD = {
						CreatedOnToolsVersion = 7.3;
						TestTargetID = C4FB2FD71CE5709500BA0ADD;
					};
				};
			};
			buildConfigurationList = C4FB2FD31CE5709500BA0ADD /* Build configuration list for PBXProject "RuntimeTest" */;
			compatibilityVersion = "Xcode 3.2";
			developmentRegion = English;
			hasScannedForEncodings = 0;
			knownRegions = (
				en,
				Base,
			);
			mainGroup = C4FB2FCF1CE5709500BA0ADD;
			productRefGroup = C4FB2FD91CE5709500BA0ADD /* Products */;
			projectDirPath = "";
			projectRoot = "";
			targets = (
				C4FB2FD71CE5709500BA0ADD /* RuntimeTest */,
				C4FB2FF01CE5709500BA0ADD /* RuntimeTestTests */,
				C4FB2FFB1CE5709500BA0ADD /* RuntimeTestUITests */,
			);
		};
/* End PBXProject section */

/* Begin PBXResourcesBuildPhase section */
		C4FB2FD61CE5709500BA0ADD /* Resources */ = {
			isa = PBXResourcesBuildPhase;
			buildActionMask = 2147483647;
			files = (
				C4FB2FEB1CE5709500BA0ADD /* LaunchScreen.storyboard in Resources */,
				C4FB2FE81CE5709500BA0ADD /* Assets.xcassets in Resources */,
				C4FB2FE61CE5709500BA0ADD /* Main.storyboard in Resources */,
			);
			runOnlyForDeploymentPostprocessing = 0;
		};
		C4FB2FEF1CE5709500BA0ADD /* Resources */ = {
			isa = PBXResourcesBuildPhase;
			buildActionMask = 2147483647;
			files = (
			);
			runOnlyForDeploymentPostprocessing = 0;
		};
		C4FB2FFA1CE5709500BA0ADD /* Resources */ = {
			isa = PBXResourcesBuildPhase;
			buildActionMask = 2147483647;
			files = (
			);
			runOnlyForDeploymentPostprocessing = 0;
		};
/* End PBXResourcesBuildPhase section */

/* Begin PBXSourcesBuildPhase section */
		C4FB2FD41CE5709500BA0ADD /* Sources */ = {
			isa = PBXSourcesBuildPhase;
			buildActionMask = 2147483647;
			files = (
				C4FB2FE31CE5709500BA0ADD /* ViewController.m in Sources */,
				C4FB2FE01CE5709500BA0ADD /* AppDelegate.m in Sources */,
				C4FB2FDD1CE5709500BA0ADD /* main.m in Sources */,
			);
			runOnlyForDeploymentPostprocessing = 0;
		};
		C4FB2FED1CE5709500BA0ADD /* Sources */ = {
			isa = PBXSourcesBuildPhase;
			buildActionMask = 2147483647;
			files = (
				C4FB2FF61CE5709500BA0ADD /* RuntimeTestTests.m in Sources */,
			);
			runOnlyForDeploymentPostprocessing = 0;
		};
		C4FB2FF81CE5709500BA0ADD /* Sources */ = {
			isa = PBXSourcesBuildPhase;
			buildActionMask = 2147483647;
			files = (
				C4FB30011CE5709500BA0ADD /* RuntimeTestUITests.m in Sources */,
			);
			runOnlyForDeploymentPostprocessing = 0;
		};
/* End PBXSourcesBuildPhase section */

/* Begin PBXTargetDependency section */
		C4FB2FF31CE5709500BA0ADD /* PBXTargetDependency */ = {
			isa = PBXTargetDependency;
			target = C4FB2FD71CE5709500BA0ADD /* RuntimeTest */;
			targetProxy = C4FB2FF21CE5709500BA0ADD /* PBXContainerItemProxy */;
		};
		C4FB2FFE1CE5709500BA0ADD /* PBXTargetDependency */ = {
			isa = PBXTargetDependency;
			target = C4FB2FD71CE5709500BA0ADD /* RuntimeTest */;
			targetProxy = C4FB2FFD1CE5709500BA0ADD /* PBXContainerItemProxy */;
		};
/* End PBXTargetDependency section */

/* Begin PBXVariantGroup section */
		C4FB2FE41CE5709500BA0ADD /* Main.storyboard */ = {
			isa = PBXVariantGroup;
			children = (
				C4FB2FE51CE5709500BA0ADD /* Base */,
			);
			name = Main.storyboard;
			sourceTree = "<group>";
		};
		C4FB2FE91CE5709500BA0ADD /* LaunchScreen.storyboard */ = {
			isa = PBXVariantGroup;
			children = (
				C4FB2FEA1CE5709500BA0ADD /* Base */,
			);
			name = LaunchScreen.storyboard;
			sourceTree = "<group>";
		};
/* End PBXVariantGroup section */

/* Begin XCBuildConfiguration section */
		C4FB30031CE5709500BA0ADD /* Debug */ = {
			isa = XCBuildConfiguration;
			buildSettings = {
				ALWAYS_SEARCH_USER_PATHS = NO;
				CLANG_ANALYZER_NONNULL = YES;
				CLANG_CXX_LANGUAGE_STANDARD = "gnu++0x";
				CLANG_CXX_LIBRARY = "libc++";
				CLANG_ENABLE_MODULES = YES;
				CLANG_ENABLE_OBJC_ARC = YES;
				CLANG_WARN_BOOL_CONVERSION = YES;
				CLANG_WARN_CONSTANT_CONVERSION = YES;
				CLANG_WARN_DIRECT_OBJC_ISA_USAGE = YES_ERROR;
				CLANG_WARN_EMPTY_BODY = YES;
				CLANG_WARN_ENUM_CONVERSION = YES;
				CLANG_WARN_INT_CONVERSION = YES;
				CLANG_WARN_OBJC_ROOT_CLASS = YES_ERROR;
				CLANG_WARN_UNREACHABLE_CODE = YES;
				CLANG_WARN__DUPLICATE_METHOD_MATCH = YES;
				"CODE_SIGN_IDENTITY[sdk=iphoneos*]" = "iPhone Developer";
				COPY_PHASE_STRIP = NO;
				DEBUG_INFORMATION_FORMAT = dwarf;
				ENABLE_STRICT_OBJC_MSGSEND = YES;
				ENABLE_TESTABILITY = YES;
				GCC_C_LANGUAGE_STANDARD = gnu99;
				GCC_DYNAMIC_NO_PIC = NO;
				GCC_NO_COMMON_BLOCKS = YES;
				GCC_OPTIMIZATION_LEVEL = 0;
				GCC_PREPROCESSOR_DEFINITIONS = (
					"DEBUG=1",
					"$(inherited)",
				);
				GCC_WARN_64_TO_32_BIT_CONVERSION = YES;
				GCC_WARN_ABOUT_RETURN_TYPE = YES_ERROR;
				GCC_WARN_UNDECLARED_SELECTOR = YES;
				GCC_WARN_UNINITIALIZED_AUTOS = YES_AGGRESSIVE;
				GCC_WARN_UNUSED_FUNCTION = YES;
				GCC_WARN_UNUSED_VARIABLE = YES;
				IPHONEOS_DEPLOYMENT_TARGET = 9.3;
				MTL_ENABLE_DEBUG_INFO = YES;
				ONLY_ACTIVE_ARCH = YES;
				SDKROOT = iphoneos;
				TARGETED_DEVICE_FAMILY = "1,2";
			};
			name = Debug;
		};
		C4FB30041CE5709500BA0ADD /* Release */ = {
			isa = XCBuildConfiguration;
			buildSettings = {
				ALWAYS_SEARCH_USER_PATHS = NO;
				CLANG_ANALYZER_NONNULL = YES;
				CLANG_CXX_LANGUAGE_STANDARD = "gnu++0x";
				CLANG_CXX_LIBRARY = "libc++";
				CLANG_ENABLE_MODULES = YES;
				CLANG_ENABLE_OBJC_ARC = YES;
				CLANG_WARN_BOOL_CONVERSION = YES;
				CLANG_WARN_CONSTANT_CONVERSION = YES;
				CLANG_WARN_DIRECT_OBJC_ISA_USAGE = YES_ERROR;
				CLANG_WARN_EMPTY_BODY = YES;
				CLANG_WARN_ENUM_CONVERSION = YES;
				CLANG_WARN_INT_CONVERSION = YES;
				CLANG_WARN_OBJC_ROOT_CLASS = YES_ERROR;
				CLANG_WARN_UNREACHABLE_CODE = YES;
				CLANG_WARN__DUPLICATE_METHOD_MATCH = YES;
				"CODE_SIGN_IDENTITY[sdk=iphoneos*]" = "iPhone Developer";
				COPY_PHASE_STRIP = NO;
				DEBUG_INFORMATION_FORMAT = "dwarf-with-dsym";
				ENABLE_NS_ASSERTIONS = NO;
				ENABLE_STRICT_OBJC_MSGSEND = YES;
				GCC_C_LANGUAGE_STANDARD = gnu99;
				GCC_NO_COMMON_BLOCKS = YES;
				GCC_WARN_64_TO_32_BIT_CONVERSION = YES;
				GCC_WARN_ABOUT_RETURN_TYPE = YES_ERROR;
				GCC_WARN_UNDECLARED_SELECTOR = YES;
				GCC_WARN_UNINITIALIZED_AUTOS = YES_AGGRESSIVE;
				GCC_WARN_UNUSED_FUNCTION = YES;
				GCC_WARN_UNUSED_VARIABLE = YES;
				IPHONEOS_DEPLOYMENT_TARGET = 9.3;
				MTL_ENABLE_DEBUG_INFO = NO;
				SDKROOT = iphoneos;
				TARGETED_DEVICE_FAMILY = "1,2";
				VALIDATE_PRODUCT = YES;
			};
			name = Release;
		};
		C4FB30061CE5709500BA0ADD /* Debug */ = {
			isa = XCBuildConfiguration;
			buildSettings = {
				ASSETCATALOG_COMPILER_APPICON_NAME = AppIcon;
				INFOPLIST_FILE = RuntimeTest/Info.plist;
				LD_RUNPATH_SEARCH_PATHS = "$(inherited) @executable_path/Frameworks";
				PRODUCT_BUNDLE_IDENTIFIER = jerry.RuntimeTest;
				PRODUCT_NAME = "$(TARGET_NAME)";
			};
			name = Debug;
		};
		C4FB30071CE5709500BA0ADD /* Release */ = {
			isa = XCBuildConfiguration;
			buildSettings = {
				ASSETCATALOG_COMPILER_APPICON_NAME = AppIcon;
				INFOPLIST_FILE = RuntimeTest/Info.plist;
				LD_RUNPATH_SEARCH_PATHS = "$(inherited) @executable_path/Frameworks";
				PRODUCT_BUNDLE_IDENTIFIER = jerry.RuntimeTest;
				PRODUCT_NAME = "$(TARGET_NAME)";
			};
			name = Release;
		};
		C4FB30091CE5709500BA0ADD /* Debug */ = {
			isa = XCBuildConfiguration;
			buildSettings = {
				BUNDLE_LOADER = "$(TEST_HOST)";
				INFOPLIST_FILE = RuntimeTestTests/Info.plist;
				LD_RUNPATH_SEARCH_PATHS = "$(inherited) @executable_path/Frameworks @loader_path/Frameworks";
				PRODUCT_BUNDLE_IDENTIFIER = jerry.RuntimeTestTests;
				PRODUCT_NAME = "$(TARGET_NAME)";
				TEST_HOST = "$(BUILT_PRODUCTS_DIR)/RuntimeTest.app/RuntimeTest";
			};
			name = Debug;
		};
		C4FB300A1CE5709500BA0ADD /* Release */ = {
			isa = XCBuildConfiguration;
			buildSettings = {
				BUNDLE_LOADER = "$(TEST_HOST)";
				INFOPLIST_FILE = RuntimeTestTests/Info.plist;
				LD_RUNPATH_SEARCH_PATHS = "$(inherited) @executable_path/Frameworks @loader_path/Frameworks";
				PRODUCT_BUNDLE_IDENTIFIER = jerry.RuntimeTestTests;
				PRODUCT_NAME = "$(TARGET_NAME)";
				TEST_HOST = "$(BUILT_PRODUCTS_DIR)/RuntimeTest.app/RuntimeTest";
			};
			name = Release;
		};
		C4FB300C1CE5709500BA0ADD /* Debug */ = {
			isa = XCBuildConfiguration;
			buildSettings = {
				INFOPLIST_FILE = RuntimeTestUITests/Info.plist;
				LD_RUNPATH_SEARCH_PATHS = "$(inherited) @executable_path/Frameworks @loader_path/Frameworks";
				PRODUCT_BUNDLE_IDENTIFIER = jerry.RuntimeTestUITests;
				PRODUCT_NAME = "$(TARGET_NAME)";
				TEST_TARGET_NAME = RuntimeTest;
			};
			name = Debug;
		};
		C4FB300D1CE5709500BA0ADD /* Release */ = {
			isa = XCBuildConfiguration;
			buildSettings = {
				INFOPLIST_FILE = RuntimeTestUITests/Info.plist;
				LD_RUNPATH_SEARCH_PATHS = "$(inherited) @executable_path/Frameworks @loader_path/Frameworks";
				PRODUCT_BUNDLE_IDENTIFIER = jerry.RuntimeTestUITests;
				PRODUCT_NAME = "$(TARGET_NAME)";
				TEST_TARGET_NAME = RuntimeTest;
			};
			name = Release;
		};
/* End XCBuildConfiguration section */

/* Begin XCConfigurationList section */
		C4FB2FD31CE5709500BA0ADD /* Build configuration list for PBXProject "RuntimeTest" */ = {
			isa = XCConfigurationList;
			buildConfigurations = (
				C4FB30031CE5709500BA0ADD /* Debug */,
				C4FB30041CE5709500BA0ADD /* Release */,
			);
			defaultConfigurationIsVisible = 0;
			defaultConfigurationName = Release;
		};
		C4FB30051CE5709500BA0ADD /* Build configuration list for PBXNativeTarget "RuntimeTest" */ = {
			isa = XCConfigurationList;
			buildConfigurations = (
				C4FB30061CE5709500BA0ADD /* Debug */,
				C4FB30071CE5709500BA0ADD /* Release */,
			);
			defaultConfigurationIsVisible = 0;
		};
		C4FB30081CE5709500BA0ADD /* Build configuration list for PBXNativeTarget "RuntimeTestTests" */ = {
			isa = XCConfigurationList;
			buildConfigurations = (
				C4FB30091CE5709500BA0ADD /* Debug */,
				C4FB300A1CE5709500BA0ADD /* Release */,
			);
			defaultConfigurationIsVisible = 0;
		};
		C4FB300B1CE5709500BA0ADD /* Build configuration list for PBXNativeTarget "RuntimeTestUITests" */ = {
			isa = XCConfigurationList;
			buildConfigurations = (
				C4FB300C1CE5709500BA0ADD /* Debug */,
				C4FB300D1CE5709500BA0ADD /* Release */,
			);
			defaultConfigurationIsVisible = 0;
		};
/* End XCConfigurationList section */
	};
	rootObject = C4FB2FD01CE5709500BA0ADD /* Project object */;
}
